
Microsoft Visual Studio Solution File, Format Version 12.00
# Visual Studio 14
VisualStudioVersion = 14.0.24720.0
MinimumVisualStudioVersion = 10.0.40219.1
Project("{FAE04EC0-301F-11D3-BF4B-00C04F79EFBC}") = "DuoWeb", "DuoWeb\DuoWeb.csproj", "{902B2D72-B6F6-4CAB-92CF-9BF0BA79DEE9}"
EndProject
Project("{FAE04EC0-301F-11D3-BF4B-00C04F79EFBC}") = "DuoWebTests", "DuoWebTests\DuoWebTests.csproj", "{DB9AE9CF-3DD3-47F3-900A-931B2A941AAD}"
EndProject
Project("{FAE04EC0-301F-11D3-BF4B-00C04F79EFBC}") = "Demo", "Demo\Demo.csproj", "{7CB64D03-6D8D-4CAD-96BC-58A2C00D54EA}"
EndProject
Global
	GlobalSection(SolutionConfigurationPlatforms) = preSolution
		Debug|Any CPU = Debug|Any CPU
		Release|Any CPU = Release|Any CPU
	EndGlobalSection
	GlobalSection(ProjectConfigurationPlatforms) = postSolution
		{902B2D72-B6F6-4CAB-92CF-9BF0BA79DEE9}.Debug|Any CPU.ActiveCfg = Debug|Any CPU
		{902B2D72-B6F6-4CAB-92CF-9BF0BA79DEE9}.Debug|Any CPU.Build.0 = Debug|Any CPU
		{902B2D72-B6F6-4CAB-92CF-9BF0BA79DEE9}.Release|Any CPU.ActiveCfg = Release|Any CPU
		{902B2D72-B6F6-4CAB-92CF-9BF0BA79DEE9}.Release|Any CPU.Build.0 = Release|Any CPU
		{DB9AE9CF-3DD3-47F3-900A-931B2A941AAD}.Debug|Any CPU.ActiveCfg = Debug|Any CPU
		{DB9AE9CF-3DD3-47F3-900A-931B2A941AAD}.Debug|Any CPU.Build.0 = Debug|Any CPU
		{DB9AE9CF-3DD3-47F3-900A-931B2A941AAD}.Release|Any CPU.ActiveCfg = Release|Any CPU
		{DB9AE9CF-3DD3-47F3-900A-931B2A941AAD}.Release|Any CPU.Build.0 = Release|Any CPU
		{7CB64D03-6D8D-4CAD-96BC-58A2C00D54EA}.Debug|Any CPU.ActiveCfg = Debug|Any CPU
		{7CB64D03-6D8D-4CAD-96BC-58A2C00D54EA}.Debug|Any CPU.Build.0 = Debug|Any CPU
		{7CB64D03-6D8D-4CAD-96BC-58A2C00D54EA}.Release|Any CPU.ActiveCfg = Release|Any CPU
		{7CB64D03-6D8D-4CAD-96BC-58A2C00D54EA}.Release|Any CPU.Build.0 = Release|Any CPU
	EndGlobalSection
	GlobalSection(SolutionProperties) = preSolution
		HideSolutionNode = FALSE
	EndGlobalSection
EndGlobal
